
Microsoft Visual Studio Solution File, Format Version 12.00
# Visual Studio Version 16
VisualStudioVersion = 16.0.32228.343
MinimumVisualStudioVersion = 10.0.40219.1
Project("{FAE04EC0-301F-11D3-BF4B-00C04F79EFBC}") = "FunctionsReturnAndArraysFromFile", "FunctionsReturnAndArraysFromFile\FunctionsReturnAndArraysFromFile.csproj", "{46D907E4-C762-4A63-9462-DA51F8FEC6AE}"
EndProject
Project("{FAE04EC0-301F-11D3-BF4B-00C04F79EFBC}") = "FridayNightRandom", "FridayNightRandom\FridayNightRandom.csproj", "{03BCB619-5F2F-47FA-BE89-8FF5E7BACC1E}"
EndProject
Project("{FAE04EC0-301F-11D3-BF4B-00C04F79EFBC}") = "FridayNightRandomReturn", "FridayNightRandomReturn\FridayNightRandomReturn.csproj", "{FF5F7E88-B445-45E8-B5ED-5F720E09895C}"
EndProject
Project("{FAE04EC0-301F-11D3-BF4B-00C04F79EFBC}") = "PickRandomFromFile", "PickRandomFromFile\PickRandomFromFile.csproj", "{3B0EB569-C183-4E61-B756-6221427232DC}"
EndProject
Project("{FAE04EC0-301F-11D3-BF4B-00C04F79EFBC}") = "ChuckNorris", "ChuckNorris\ChuckNorris.csproj", "{81572334-C8E3-40CE-BA37-734F6502850B}"
EndProject
Global
	GlobalSection(SolutionConfigurationPlatforms) = preSolution
		Debug|Any CPU = Debug|Any CPU
		Release|Any CPU = Release|Any CPU
	EndGlobalSection
	GlobalSection(ProjectConfigurationPlatforms) = postSolution
		{46D907E4-C762-4A63-9462-DA51F8FEC6AE}.Debug|Any CPU.ActiveCfg = Debug|Any CPU
		{46D907E4-C762-4A63-9462-DA51F8FEC6AE}.Debug|Any CPU.Build.0 = Debug|Any CPU
		{46D907E4-C762-4A63-9462-DA51F8FEC6AE}.Release|Any CPU.ActiveCfg = Release|Any CPU
		{46D907E4-C762-4A63-9462-DA51F8FEC6AE}.Release|Any CPU.Build.0 = Release|Any CPU
		{03BCB619-5F2F-47FA-BE89-8FF5E7BACC1E}.Debug|Any CPU.ActiveCfg = Debug|Any CPU
		{03BCB619-5F2F-47FA-BE89-8FF5E7BACC1E}.Debug|Any CPU.Build.0 = Debug|Any CPU
		{03BCB619-5F2F-47FA-BE89-8FF5E7BACC1E}.Release|Any CPU.ActiveCfg = Release|Any CPU
		{03BCB619-5F2F-47FA-BE89-8FF5E7BACC1E}.Release|Any CPU.Build.0 = Release|Any CPU
		{FF5F7E88-B445-45E8-B5ED-5F720E09895C}.Debug|Any CPU.ActiveCfg = Debug|Any CPU
		{FF5F7E88-B445-45E8-B5ED-5F720E09895C}.Debug|Any CPU.Build.0 = Debug|Any CPU
		{FF5F7E88-B445-45E8-B5ED-5F720E09895C}.Release|Any CPU.ActiveCfg = Release|Any CPU
		{FF5F7E88-B445-45E8-B5ED-5F720E09895C}.Release|Any CPU.Build.0 = Release|Any CPU
		{3B0EB569-C183-4E61-B756-6221427232DC}.Debug|Any CPU.ActiveCfg = Debug|Any CPU
		{3B0EB569-C183-4E61-B756-6221427232DC}.Debug|Any CPU.Build.0 = Debug|Any CPU
		{3B0EB569-C183-4E61-B756-6221427232DC}.Release|Any CPU.ActiveCfg = Release|Any CPU
		{3B0EB569-C183-4E61-B756-6221427232DC}.Release|Any CPU.Build.0 = Release|Any CPU
		{81572334-C8E3-40CE-BA37-734F6502850B}.Debug|Any CPU.ActiveCfg = Debug|Any CPU
		{81572334-C8E3-40CE-BA37-734F6502850B}.Debug|Any CPU.Build.0 = Debug|Any CPU
		{81572334-C8E3-40CE-BA37-734F6502850B}.Release|Any CPU.ActiveCfg = Release|Any CPU
		{81572334-C8E3-40CE-BA37-734F6502850B}.Release|Any CPU.Build.0 = Release|Any CPU
	EndGlobalSection
	GlobalSection(SolutionProperties) = preSolution
		HideSolutionNode = FALSE
	EndGlobalSection
	GlobalSection(ExtensibilityGlobals) = postSolution
		SolutionGuid = {1B2BDD37-9548-4077-838C-6BD9C7DF34AB}
	EndGlobalSection
EndGlobal
